
Microsoft Visual Studio Solution File, Format Version 12.00
# Visual Studio 15
VisualStudioVersion = 15.0.26430.15
MinimumVisualStudioVersion = 10.0.40219.1
Project("{FAE04EC0-301F-11D3-BF4B-00C04F79EFBC}") = "Templates.Testing", "Templates.Testing\Templates.Testing.csproj", "{9149FE82-E46D-4A24-AA6B-B463C0F4DBA9}"
EndProject
Project("{FAE04EC0-301F-11D3-BF4B-00C04F79EFBC}") = "Templates.Testing.Framework", "Templates.Testing.Framework\Templates.Testing.Framework.csproj", "{B6A73A92-7869-4C86-9B82-8D41D4E9EC36}"
EndProject
Global
	GlobalSection(SolutionConfigurationPlatforms) = preSolution
		Debug|Any CPU = Debug|Any CPU
		Release|Any CPU = Release|Any CPU
	EndGlobalSection
	GlobalSection(ProjectConfigurationPlatforms) = postSolution
		{9149FE82-E46D-4A24-AA6B-B463C0F4DBA9}.Debug|Any CPU.ActiveCfg = Debug|Any CPU
		{9149FE82-E46D-4A24-AA6B-B463C0F4DBA9}.Debug|Any CPU.Build.0 = Debug|Any CPU
		{9149FE82-E46D-4A24-AA6B-B463C0F4DBA9}.Release|Any CPU.ActiveCfg = Release|Any CPU
		{9149FE82-E46D-4A24-AA6B-B463C0F4DBA9}.Release|Any CPU.Build.0 = Release|Any CPU
		{B6A73A92-7869-4C86-9B82-8D41D4E9EC36}.Debug|Any CPU.ActiveCfg = Debug|Any CPU
		{B6A73A92-7869-4C86-9B82-8D41D4E9EC36}.Debug|Any CPU.Build.0 = Debug|Any CPU
		{B6A73A92-7869-4C86-9B82-8D41D4E9EC36}.Release|Any CPU.ActiveCfg = Release|Any CPU
		{B6A73A92-7869-4C86-9B82-8D41D4E9EC36}.Release|Any CPU.Build.0 = Release|Any CPU
	EndGlobalSection
	GlobalSection(SolutionProperties) = preSolution
		HideSolutionNode = FALSE
	EndGlobalSection
	GlobalSection(ExtensibilityGlobals) = postSolution
		SolutionGuid = {7C599DD2-90F9-4560-A195-9E46B1616FA9}
	EndGlobalSection
EndGlobal
